
Microsoft Visual Studio Solution File, Format Version 12.00
# Visual Studio Version 17
VisualStudioVersion = 17.5.33424.131
MinimumVisualStudioVersion = 10.0.40219.1
Project("{F184B08F-C81C-45F6-A57F-5ABD9991F28F}") = "AD2", "AD2\AD2.vbproj", "{6A11F580-F6A7-4017-9030-68C1DF64D880}"
EndProject
Global
	GlobalSection(SolutionConfigurationPlatforms) = preSolution
		Debug|Any CPU = Debug|Any CPU
		Release|Any CPU = Release|Any CPU
	EndGlobalSection
	GlobalSection(ProjectConfigurationPlatforms) = postSolution
		{6A11F580-F6A7-4017-9030-68C1DF64D880}.Debug|Any CPU.ActiveCfg = Debug|Any CPU
		{6A11F580-F6A7-4017-9030-68C1DF64D880}.Debug|Any CPU.Build.0 = Debug|Any CPU
		{6A11F580-F6A7-4017-9030-68C1DF64D880}.Release|Any CPU.ActiveCfg = Release|Any CPU
		{6A11F580-F6A7-4017-9030-68C1DF64D880}.Release|Any CPU.Build.0 = Release|Any CPU
	EndGlobalSection
	GlobalSection(SolutionProperties) = preSolution
		HideSolutionNode = FALSE
	EndGlobalSection
	GlobalSection(ExtensibilityGlobals) = postSolution
		SolutionGuid = {2B12F05E-2DA2-4C71-A303-A391A722EC52}
	EndGlobalSection
EndGlobal
